
Microsoft Visual Studio Solution File, Format Version 12.00
# Visual Studio 15
VisualStudioVersion = 15.0.27004.2006
MinimumVisualStudioVersion = 10.0.40219.1
Project("{FAE04EC0-301F-11D3-BF4B-00C04F79EFBC}") = "PwdMgr.WUI", "PwdMgr.WUI\PwdMgr.WUI.csproj", "{A0FCB713-4629-4AC6-8A45-03431D4C5CAA}"
EndProject
Project("{FAE04EC0-301F-11D3-BF4B-00C04F79EFBC}") = "PwdMgr.Lib", "PwdMgr.Lib\PwdMgr.Lib.csproj", "{9069B79F-D354-4893-87E5-23685C38DB0B}"
EndProject
Global
	GlobalSection(SolutionConfigurationPlatforms) = preSolution
		Debug|Any CPU = Debug|Any CPU
		Release|Any CPU = Release|Any CPU
	EndGlobalSection
	GlobalSection(ProjectConfigurationPlatforms) = postSolution
		{A0FCB713-4629-4AC6-8A45-03431D4C5CAA}.Debug|Any CPU.ActiveCfg = Debug|Any CPU
		{A0FCB713-4629-4AC6-8A45-03431D4C5CAA}.Debug|Any CPU.Build.0 = Debug|Any CPU
		{A0FCB713-4629-4AC6-8A45-03431D4C5CAA}.Release|Any CPU.ActiveCfg = Release|Any CPU
		{A0FCB713-4629-4AC6-8A45-03431D4C5CAA}.Release|Any CPU.Build.0 = Release|Any CPU
		{9069B79F-D354-4893-87E5-23685C38DB0B}.Debug|Any CPU.ActiveCfg = Debug|Any CPU
		{9069B79F-D354-4893-87E5-23685C38DB0B}.Debug|Any CPU.Build.0 = Debug|Any CPU
		{9069B79F-D354-4893-87E5-23685C38DB0B}.Release|Any CPU.ActiveCfg = Release|Any CPU
		{9069B79F-D354-4893-87E5-23685C38DB0B}.Release|Any CPU.Build.0 = Release|Any CPU
	EndGlobalSection
	GlobalSection(SolutionProperties) = preSolution
		HideSolutionNode = FALSE
	EndGlobalSection
	GlobalSection(ExtensibilityGlobals) = postSolution
		SolutionGuid = {5BD94014-1C36-4E8C-85B2-93B74F46D213}
	EndGlobalSection
EndGlobal
